// !$*UTF8*$!
{
	archiveVersion = 1;
	classes = {
	};
	objectVersion = 50;
	objects = {

/* Begin PBXBuildFile section */
		246B104F244FA2BB00B5900A /* AppDelegate.swift in Sources */ = {isa = PBXBuildFile; fileRef = 246B104E244FA2BB00B5900A /* AppDelegate.swift */; };
		246B1051244FA2BB00B5900A /* SceneDelegate.swift in Sources */ = {isa = PBXBuildFile; fileRef = 246B1050244FA2BB00B5900A /* SceneDelegate.swift */; };
		246B1053244FA2BB00B5900A /* ViewController.swift in Sources */ = {isa = PBXBuildFile; fileRef = 246B1052244FA2BB00B5900A /* ViewController.swift */; };
		246B1056244FA2BB00B5900A /* Main.storyboard in Resources */ = {isa = PBXBuildFile; fileRef = 246B1054244FA2BB00B5900A /* Main.storyboard */; };
		246B1059244FA2BB00B5900A /* whipapp.xcdatamodeld in Sources */ = {isa = PBXBuildFile; fileRef = 246B1057244FA2BB00B5900A /* whipapp.xcdatamodeld */; };
		246B105B244FA2BC00B5900A /* Assets.xcassets in Resources */ = {isa = PBXBuildFile; fileRef = 246B105A244FA2BC00B5900A /* Assets.xcassets */; };
		246B105E244FA2BC00B5900A /* LaunchScreen.storyboard in Resources */ = {isa = PBXBuildFile; fileRef = 246B105C244FA2BC00B5900A /* LaunchScreen.storyboard */; };
		94994ABFC690E03894C4F0FB /* Pods_whipapp.framework in Frameworks */ = {isa = PBXBuildFile; fileRef = DE36225B2A9893FCEE8E7AFA /* Pods_whipapp.framework */; };
/* End PBXBuildFile section */

/* Begin PBXFileReference section */
		14EFD8847667BC60BB11DAC8 /* Pods-whipapp.debug.xcconfig */ = {isa = PBXFileReference; includeInIndex = 1; lastKnownFileType = text.xcconfig; name = "Pods-whipapp.debug.xcconfig"; path = "Target Support Files/Pods-whipapp/Pods-whipapp.debug.xcconfig"; sourceTree = "<group>"; };
		246B104B244FA2BB00B5900A /* whipapp.app */ = {isa = PBXFileReference; explicitFileType = wrapper.application; includeInIndex = 0; path = whipapp.app; sourceTree = BUILT_PRODUCTS_DIR; };
		246B104E244FA2BB00B5900A /* AppDelegate.swift */ = {isa = PBXFileReference; lastKnownFileType = sourcecode.swift; path = AppDelegate.swift; sourceTree = "<group>"; };
		246B1050244FA2BB00B5900A /* SceneDelegate.swift */ = {isa = PBXFileReference; lastKnownFileType = sourcecode.swift; path = SceneDelegate.swift; sourceTree = "<group>"; };
		246B1052244FA2BB00B5900A /* ViewController.swift */ = {isa = PBXFileReference; lastKnownFileType = sourcecode.swift; path = ViewController.swift; sourceTree = "<group>"; };
		246B1055244FA2BB00B5900A /* Base */ = {isa = PBXFileReference; lastKnownFileType = file.storyboard; name = Base; path = Base.lproj/Main.storyboard; sourceTree = "<group>"; };
		246B1058244FA2BB00B5900A /* whipapp.xcdatamodel */ = {isa = PBXFileReference; lastKnownFileType = wrapper.xcdatamodel; path = whipapp.xcdatamodel; sourceTree = "<group>"; };
		246B105A244FA2BC00B5900A /* Assets.xcassets */ = {isa = PBXFileReference; lastKnownFileType = folder.assetcatalog; path = Assets.xcassets; sourceTree = "<group>"; };
		246B105D244FA2BC00B5900A /* Base */ = {isa = PBXFileReference; lastKnownFileType = file.storyboard; name = Base; path = Base.lproj/LaunchScreen.storyboard; sourceTree = "<group>"; };
		246B105F244FA2BC00B5900A /* Info.plist */ = {isa = PBXFileReference; lastKnownFileType = text.plist.xml; path = Info.plist; sourceTree = "<group>"; };
		3F49D42D99B8D32A8AB61C8D /* Pods-whipapp.release.xcconfig */ = {isa = PBXFileReference; includeInIndex = 1; lastKnownFileType = text.xcconfig; name = "Pods-whipapp.release.xcconfig"; path = "Target Support Files/Pods-whipapp/Pods-whipapp.release.xcconfig"; sourceTree = "<group>"; };
		DE36225B2A9893FCEE8E7AFA /* Pods_whipapp.framework */ = {isa = PBXFileReference; explicitFileType = wrapper.framework; includeInIndex = 0; path = Pods_whipapp.framework; sourceTree = BUILT_PRODUCTS_DIR; };
/* End PBXFileReference section */

/* Begin PBXFrameworksBuildPhase section */
		246B1048244FA2BB00B5900A /* Frameworks */ = {
			isa = PBXFrameworksBuildPhase;
			buildActionMask = 2147483647;
			files = (
				94994ABFC690E03894C4F0FB /* Pods_whipapp.framework in Frameworks */,
			);
			runOnlyForDeploymentPostprocessing = 0;
		};
/* End PBXFrameworksBuildPhase section */

/* Begin PBXGroup section */
		246B1042244FA2BB00B5900A = {
			isa = PBXGroup;
			children = (
				246B104D244FA2BB00B5900A /* whipapp */,
				246B104C244FA2BB00B5900A /* Products */,
				EC02EB06931E5E42EE63B699 /* Pods */,
				9640E86021C58BAA12235CB8 /* Frameworks */,
			);
			sourceTree = "<group>";
		};
		246B104C244FA2BB00B5900A /* Products */ = {
			isa = PBXGroup;
			children = (
				246B104B244FA2BB00B5900A /* whipapp.app */,
			);
			name = Products;
			sourceTree = "<group>";
		};
		246B104D244FA2BB00B5900A /* whipapp */ = {
			isa = PBXGroup;
			children = (
				246B104E244FA2BB00B5900A /* AppDelegate.swift */,
				246B1050244FA2BB00B5900A /* SceneDelegate.swift */,
				246B1052244FA2BB00B5900A /* ViewController.swift */,
				246B1054244FA2BB00B5900A /* Main.storyboard */,
				246B105A244FA2BC00B5900A /* Assets.xcassets */,
				246B105C244FA2BC00B5900A /* LaunchScreen.storyboard */,
				246B105F244FA2BC00B5900A /* Info.plist */,
				246B1057244FA2BB00B5900A /* whipapp.xcdatamodeld */,
			);
			path = whipapp;
			sourceTree = "<group>";
		};
		9640E86021C58BAA12235CB8 /* Frameworks */ = {
			isa = PBXGroup;
			children = (
				DE36225B2A9893FCEE8E7AFA /* Pods_whipapp.framework */,
			);
			name = Frameworks;
			sourceTree = "<group>";
		};
		EC02EB06931E5E42EE63B699 /* Pods */ = {
			isa = PBXGroup;
			children = (
				14EFD8847667BC60BB11DAC8 /* Pods-whipapp.debug.xcconfig */,
				3F49D42D99B8D32A8AB61C8D /* Pods-whipapp.release.xcconfig */,
			);
			name = Pods;
			path = Pods;
			sourceTree = "<group>";
		};
/* End PBXGroup section */

/* Begin PBXNativeTarget section */
		246B104A244FA2BB00B5900A /* whipapp */ = {
			isa = PBXNativeTarget;
			buildConfigurationList = 246B1062244FA2BC00B5900A /* Build configuration list for PBXNativeTarget "whipapp" */;
			buildPhases = (
				F5EE4B78460848D0FFFE6B98 /* [CP] Check Pods Manifest.lock */,
				246B1047244FA2BB00B5900A /* Sources */,
				246B1048244FA2BB00B5900A /* Frameworks */,
				246B1049244FA2BB00B5900A /* Resources */,
				C3B1063825C98D1AD6C6C7F1 /* [CP] Embed Pods Frameworks */,
			);
			buildRules = (
			);
			dependencies = (
			);
			name = whipapp;
			productName = whipapp;
			productReference = 246B104B244FA2BB00B5900A /* whipapp.app */;
			productType = "com.apple.product-type.application";
		};
/* End PBXNativeTarget section */

/* Begin PBXProject section */
		246B1043244FA2BB00B5900A /* Project object */ = {
			isa = PBXProject;
			attributes = {
				LastSwiftUpdateCheck = 1120;
				LastUpgradeCheck = 1120;
				ORGANIZATIONNAME = "Mauro Martinelli";
				TargetAttributes = {
					246B104A244FA2BB00B5900A = {
						CreatedOnToolsVersion = 11.2.1;
					};
				};
			};
			buildConfigurationList = 246B1046244FA2BB00B5900A /* Build configuration list for PBXProject "whipapp" */;
			compatibilityVersion = "Xcode 9.3";
			developmentRegion = en;
			hasScannedForEncodings = 0;
			knownRegions = (
				en,
				Base,
			);
			mainGroup = 246B1042244FA2BB00B5900A;
			productRefGroup = 246B104C244FA2BB00B5900A /* Products */;
			projectDirPath = "";
			projectRoot = "";
			targets = (
				246B104A244FA2BB00B5900A /* whipapp */,
			);
		};
/* End PBXProject section */

/* Begin PBXResourcesBuildPhase section */
		246B1049244FA2BB00B5900A /* Resources */ = {
			isa = PBXResourcesBuildPhase;
			buildActionMask = 2147483647;
			files = (
				246B105E244FA2BC00B5900A /* LaunchScreen.storyboard in Resources */,
				246B105B244FA2BC00B5900A /* Assets.xcassets in Resources */,
				246B1056244FA2BB00B5900A /* Main.storyboard in Resources */,
			);
			runOnlyForDeploymentPostprocessing = 0;
		};
/* End PBXResourcesBuildPhase section */

/* Begin PBXShellScriptBuildPhase section */
		C3B1063825C98D1AD6C6C7F1 /* [CP] Embed Pods Frameworks */ = {
			isa = PBXShellScriptBuildPhase;
			buildActionMask = 2147483647;
			files = (
			);
			inputFileListPaths = (
				"${PODS_ROOT}/Target Support Files/Pods-whipapp/Pods-whipapp-frameworks-${CONFIGURATION}-input-files.xcfilelist",
			);
			name = "[CP] Embed Pods Frameworks";
			outputFileListPaths = (
				"${PODS_ROOT}/Target Support Files/Pods-whipapp/Pods-whipapp-frameworks-${CONFIGURATION}-output-files.xcfilelist",
			);
			runOnlyForDeploymentPostprocessing = 0;
			shellPath = /bin/sh;
			shellScript = "\"${PODS_ROOT}/Target Support Files/Pods-whipapp/Pods-whipapp-frameworks.sh\"\n";
			showEnvVarsInLog = 0;
		};
		F5EE4B78460848D0FFFE6B98 /* [CP] Check Pods Manifest.lock */ = {
			isa = PBXShellScriptBuildPhase;
			buildActionMask = 2147483647;
			files = (
			);
			inputFileListPaths = (
			);
			inputPaths = (
				"${PODS_PODFILE_DIR_PATH}/Podfile.lock",
				"${PODS_ROOT}/Manifest.lock",
			);
			name = "[CP] Check Pods Manifest.lock";
			outputFileListPaths = (
			);
			outputPaths = (
				"$(DERIVED_FILE_DIR)/Pods-whipapp-checkManifestLockResult.txt",
			);
			runOnlyForDeploymentPostprocessing = 0;
			shellPath = /bin/sh;
			shellScript = "diff \"${PODS_PODFILE_DIR_PATH}/Podfile.lock\" \"${PODS_ROOT}/Manifest.lock\" > /dev/null\nif [ $? != 0 ] ; then\n    # print error to STDERR\n    echo \"error: The sandbox is not in sync with the Podfile.lock. Run 'pod install' or update your CocoaPods installation.\" >&2\n    exit 1\nfi\n# This output is used by Xcode 'outputs' to avoid re-running this script phase.\necho \"SUCCESS\" > \"${SCRIPT_OUTPUT_FILE_0}\"\n";
			showEnvVarsInLog = 0;
		};
/* End PBXShellScriptBuildPhase section */

/* Begin PBXSourcesBuildPhase section */
		246B1047244FA2BB00B5900A /* Sources */ = {
			isa = PBXSourcesBuildPhase;
			buildActionMask = 2147483647;
			files = (
				246B1053244FA2BB00B5900A /* ViewController.swift in Sources */,
				246B1059244FA2BB00B5900A /* whipapp.xcdatamodeld in Sources */,
				246B104F244FA2BB00B5900A /* AppDelegate.swift in Sources */,
				246B1051244FA2BB00B5900A /* SceneDelegate.swift in Sources */,
			);
			runOnlyForDeploymentPostprocessing = 0;
		};
/* End PBXSourcesBuildPhase section */

/* Begin PBXVariantGroup section */
		246B1054244FA2BB00B5900A /* Main.storyboard */ = {
			isa = PBXVariantGroup;
			children = (
				246B1055244FA2BB00B5900A /* Base */,
			);
			name = Main.storyboard;
			sourceTree = "<group>";
		};
		246B105C244FA2BC00B5900A /* LaunchScreen.storyboard */ = {
			isa = PBXVariantGroup;
			children = (
				246B105D244FA2BC00B5900A /* Base */,
			);
			name = LaunchScreen.storyboard;
			sourceTree = "<group>";
		};
/* End PBXVariantGroup section */

/* Begin XCBuildConfiguration section */
		246B1060244FA2BC00B5900A /* Debug */ = {
			isa = XCBuildConfiguration;
			buildSettings = {
				ALWAYS_SEARCH_USER_PATHS = NO;
				CLANG_ANALYZER_NONNULL = YES;
				CLANG_ANALYZER_NUMBER_OBJECT_CONVERSION = YES_AGGRESSIVE;
				CLANG_CXX_LANGUAGE_STANDARD = "gnu++14";
				CLANG_CXX_LIBRARY = "libc++";
				CLANG_ENABLE_MODULES = YES;
				CLANG_ENABLE_OBJC_ARC = YES;
				CLANG_ENABLE_OBJC_WEAK = YES;
				CLANG_WARN_BLOCK_CAPTURE_AUTORELEASING = YES;
				CLANG_WARN_BOOL_CONVERSION = YES;
				CLANG_WARN_COMMA = YES;
				CLANG_WARN_CONSTANT_CONVERSION = YES;
				CLANG_WARN_DEPRECATED_OBJC_IMPLEMENTATIONS = YES;
				CLANG_WARN_DIRECT_OBJC_ISA_USAGE = YES_ERROR;
				CLANG_WARN_DOCUMENTATION_COMMENTS = YES;
				CLANG_WARN_EMPTY_BODY = YES;
				CLANG_WARN_ENUM_CONVERSION = YES;
				CLANG_WARN_INFINITE_RECURSION = YES;
				CLANG_WARN_INT_CONVERSION = YES;
				CLANG_WARN_NON_LITERAL_NULL_CONVERSION = YES;
				CLANG_WARN_OBJC_IMPLICIT_RETAIN_SELF = YES;
				CLANG_WARN_OBJC_LITERAL_CONVERSION = YES;
				CLANG_WARN_OBJC_ROOT_CLASS = YES_ERROR;
				CLANG_WARN_RANGE_LOOP_ANALYSIS = YES;
				CLANG_WARN_STRICT_PROTOTYPES = YES;
				CLANG_WARN_SUSPICIOUS_MOVE = YES;
				CLANG_WARN_UNGUARDED_AVAILABILITY = YES_AGGRESSIVE;
				CLANG_WARN_UNREACHABLE_CODE = YES;
				CLANG_WARN__DUPLICATE_METHOD_MATCH = YES;
				COPY_PHASE_STRIP = NO;
				DEBUG_INFORMATION_FORMAT = dwarf;
				ENABLE_STRICT_OBJC_MSGSEND = YES;
				ENABLE_TESTABILITY = YES;
				GCC_C_LANGUAGE_STANDARD = gnu11;
				GCC_DYNAMIC_NO_PIC = NO;
				GCC_NO_COMMON_BLOCKS = YES;
				GCC_OPTIMIZATION_LEVEL = 0;
				GCC_PREPROCESSOR_DEFINITIONS = (
					"DEBUG=1",
					"$(inherited)",
				);
				GCC_WARN_64_TO_32_BIT_CONVERSION = YES;
				GCC_WARN_ABOUT_RETURN_TYPE = YES_ERROR;
				GCC_WARN_UNDECLARED_SELECTOR = YES;
				GCC_WARN_UNINITIALIZED_AUTOS = YES_AGGRESSIVE;
				GCC_WARN_UNUSED_FUNCTION = YES;
				GCC_WARN_UNUSED_VARIABLE = YES;
				IPHONEOS_DEPLOYMENT_TARGET = 13.2;
				MTL_ENABLE_DEBUG_INFO = INCLUDE_SOURCE;
				MTL_FAST_MATH = YES;
				ONLY_ACTIVE_ARCH = YES;
				SDKROOT = iphoneos;
				SWIFT_ACTIVE_COMPILATION_CONDITIONS = DEBUG;
				SWIFT_OPTIMIZATION_LEVEL = "-Onone";
			};
			name = Debug;
		};
		246B1061244FA2BC00B5900A /* Release */ = {
			isa = XCBuildConfiguration;
			buildSettings = {
				ALWAYS_SEARCH_USER_PATHS = NO;
				CLANG_ANALYZER_NONNULL = YES;
				CLANG_ANALYZER_NUMBER_OBJECT_CONVERSION = YES_AGGRESSIVE;
				CLANG_CXX_LANGUAGE_STANDARD = "gnu++14";
				CLANG_CXX_LIBRARY = "libc++";
				CLANG_ENABLE_MODULES = YES;
				CLANG_ENABLE_OBJC_ARC = YES;
				CLANG_ENABLE_OBJC_WEAK = YES;
				CLANG_WARN_BLOCK_CAPTURE_AUTORELEASING = YES;
				CLANG_WARN_BOOL_CONVERSION = YES;
				CLANG_WARN_COMMA = YES;
				CLANG_WARN_CONSTANT_CONVERSION = YES;
				CLANG_WARN_DEPRECATED_OBJC_IMPLEMENTATIONS = YES;
				CLANG_WARN_DIRECT_OBJC_ISA_USAGE = YES_ERROR;
				CLANG_WARN_DOCUMENTATION_COMMENTS = YES;
				CLANG_WARN_EMPTY_BODY = YES;
				CLANG_WARN_ENUM_CONVERSION = YES;
				CLANG_WARN_INFINITE_RECURSION = YES;
				CLANG_WARN_INT_CONVERSION = YES;
				CLANG_WARN_NON_LITERAL_NULL_CONVERSION = YES;
				CLANG_WARN_OBJC_IMPLICIT_RETAIN_SELF = YES;
				CLANG_WARN_OBJC_LITERAL_CONVERSION = YES;
				CLANG_WARN_OBJC_ROOT_CLASS = YES_ERROR;
				CLANG_WARN_RANGE_LOOP_ANALYSIS = YES;
				CLANG_WARN_STRICT_PROTOTYPES = YES;
				CLANG_WARN_SUSPICIOUS_MOVE = YES;
				CLANG_WARN_UNGUARDED_AVAILABILITY = YES_AGGRESSIVE;
				CLANG_WARN_UNREACHABLE_CODE = YES;
				CLANG_WARN__DUPLICATE_METHOD_MATCH = YES;
				COPY_PHASE_STRIP = NO;
				DEBUG_INFORMATION_FORMAT = "dwarf-with-dsym";
				ENABLE_NS_ASSERTIONS = NO;
				ENABLE_STRICT_OBJC_MSGSEND = YES;
				GCC_C_LANGUAGE_STANDARD = gnu11;
				GCC_NO_COMMON_BLOCKS = YES;
				GCC_WARN_64_TO_32_BIT_CONVERSION = YES;
				GCC_WARN_ABOUT_RETURN_TYPE = YES_ERROR;
				GCC_WARN_UNDECLARED_SELECTOR = YES;
				GCC_WARN_UNINITIALIZED_AUTOS = YES_AGGRESSIVE;
				GCC_WARN_UNUSED_FUNCTION = YES;
				GCC_WARN_UNUSED_VARIABLE = YES;
				IPHONEOS_DEPLOYMENT_TARGET = 13.2;
				MTL_ENABLE_DEBUG_INFO = NO;
				MTL_FAST_MATH = YES;
				SDKROOT = iphoneos;
				SWIFT_COMPILATION_MODE = wholemodule;
				SWIFT_OPTIMIZATION_LEVEL = "-O";
				VALIDATE_PRODUCT = YES;
			};
			name = Release;
		};
		246B1063244FA2BC00B5900A /* Debug */ = {
			isa = XCBuildConfiguration;
			baseConfigurationReference = 14EFD8847667BC60BB11DAC8 /* Pods-whipapp.debug.xcconfig */;
			buildSettings = {
				ASSETCATALOG_COMPILER_APPICON_NAME = AppIcon;
				CODE_SIGN_STYLE = Automatic;
				DEVELOPMENT_TEAM = YL6D5F78E9;
				INFOPLIST_FILE = whipapp/Info.plist;
				LD_RUNPATH_SEARCH_PATHS = (
					"$(inherited)",
					"@executable_path/Frameworks",
				);
				PRODUCT_BUNDLE_IDENTIFIER = com.mm.whipapp;
				PRODUCT_NAME = "$(TARGET_NAME)";
				SWIFT_VERSION = 5.0;
				TARGETED_DEVICE_FAMILY = "1,2";
			};
			name = Debug;
		};
		246B1064244FA2BC00B5900A /* Release */ = {
			isa = XCBuildConfiguration;
			baseConfigurationReference = 3F49D42D99B8D32A8AB61C8D /* Pods-whipapp.release.xcconfig */;
			buildSettings = {
				ASSETCATALOG_COMPILER_APPICON_NAME = AppIcon;
				CODE_SIGN_STYLE = Automatic;
				DEVELOPMENT_TEAM = YL6D5F78E9;
				INFOPLIST_FILE = whipapp/Info.plist;
				LD_RUNPATH_SEARCH_PATHS = (
					"$(inherited)",
					"@executable_path/Frameworks",
				);
				PRODUCT_BUNDLE_IDENTIFIER = com.mm.whipapp;
				PRODUCT_NAME = "$(TARGET_NAME)";
				SWIFT_VERSION = 5.0;
				TARGETED_DEVICE_FAMILY = "1,2";
			};
			name = Release;
		};
/* End XCBuildConfiguration section */

/* Begin XCConfigurationList section */
		246B1046244FA2BB00B5900A /* Build configuration list for PBXProject "whipapp" */ = {
			isa = XCConfigurationList;
			buildConfigurations = (
				246B1060244FA2BC00B5900A /* Debug */,
				246B1061244FA2BC00B5900A /* Release */,
			);
			defaultConfigurationIsVisible = 0;
			defaultConfigurationName = Release;
		};
		246B1062244FA2BC00B5900A /* Build configuration list for PBXNativeTarget "whipapp" */ = {
			isa = XCConfigurationList;
			buildConfigurations = (
				246B1063244FA2BC00B5900A /* Debug */,
				246B1064244FA2BC00B5900A /* Release */,
			);
			defaultConfigurationIsVisible = 0;
			defaultConfigurationName = Release;
		};
/* End XCConfigurationList section */

/* Begin XCVersionGroup section */
		246B1057244FA2BB00B5900A /* whipapp.xcdatamodeld */ = {
			isa = XCVersionGroup;
			children = (
				246B1058244FA2BB00B5900A /* whipapp.xcdatamodel */,
			);
			currentVersion = 246B1058244FA2BB00B5900A /* whipapp.xcdatamodel */;
			path = whipapp.xcdatamodeld;
			sourceTree = "<group>";
			versionGroupType = wrapper.xcdatamodel;
		};
/* End XCVersionGroup section */
	};
	rootObject = 246B1043244FA2BB00B5900A /* Project object */;
}
